// !$*UTF8*$!
{
	archiveVersion = 1;
	classes = {
	};
	objectVersion = 48;
	objects = {

/* Begin PBXBuildFile section */
		F66FC3C022C858040086A2F0 /* main.cpp in Sources */ = {isa = PBXBuildFile; fileRef = F66FC3BF22C858040086A2F0 /* main.cpp */; };
		F66FC3CA22C8601C0086A2F0 /* integrator.cpp in Sources */ = {isa = PBXBuildFile; fileRef = F66FC3C822C8601C0086A2F0 /* integrator.cpp */; };
		F66FC3CE22C860750086A2F0 /* sinc.cpp in Sources */ = {isa = PBXBuildFile; fileRef = F66FC3CC22C860750086A2F0 /* sinc.cpp */; };
		F66FC3D522C860F50086A2F0 /* point.cpp in Sources */ = {isa = PBXBuildFile; fileRef = F66FC3D322C860F50086A2F0 /* point.cpp */; };
		F66FC3D922C861700086A2F0 /* matte.cpp in Sources */ = {isa = PBXBuildFile; fileRef = F66FC3D722C861700086A2F0 /* matte.cpp */; };
		F66FC3DD22C861AF0086A2F0 /* path.cpp in Sources */ = {isa = PBXBuildFile; fileRef = F66FC3DB22C861AF0086A2F0 /* path.cpp */; };
		F66FC3E122C862230086A2F0 /* triangle.cpp in Sources */ = {isa = PBXBuildFile; fileRef = F66FC3DF22C862230086A2F0 /* triangle.cpp */; };
		F66FC3E622C8628F0086A2F0 /* random.cpp in Sources */ = {isa = PBXBuildFile; fileRef = F66FC3E422C8628F0086A2F0 /* random.cpp */; };
		F66FC3E922C862DF0086A2F0 /* perspective.cpp in Sources */ = {isa = PBXBuildFile; fileRef = F66FC3E722C862DF0086A2F0 /* perspective.cpp */; };
		F66FC3ED22C863550086A2F0 /* bvh.cpp in Sources */ = {isa = PBXBuildFile; fileRef = F66FC3EB22C863550086A2F0 /* bvh.cpp */; };
		F66FC3F122C863A40086A2F0 /* constant.cpp in Sources */ = {isa = PBXBuildFile; fileRef = F66FC3EF22C863A40086A2F0 /* constant.cpp */; };
		F66FC3F522C8646A0086A2F0 /* log.cpp in Sources */ = {isa = PBXBuildFile; fileRef = F66FC3F322C8646A0086A2F0 /* log.cpp */; };
/* End PBXBuildFile section */

/* Begin PBXCopyFilesBuildPhase section */
		F66FC3BA22C858040086A2F0 /* CopyFiles */ = {
			isa = PBXCopyFilesBuildPhase;
			buildActionMask = 2147483647;
			dstPath = /usr/share/man/man1/;
			dstSubfolderSpec = 0;
			files = (
			);
			runOnlyForDeploymentPostprocessing = 1;
		};
/* End PBXCopyFilesBuildPhase section */

/* Begin PBXFileReference section */
		F66FC3BC22C858040086A2F0 /* Paladin */ = {isa = PBXFileReference; explicitFileType = "compiled.mach-o.executable"; includeInIndex = 0; path = Paladin; sourceTree = BUILT_PRODUCTS_DIR; };
		F66FC3BF22C858040086A2F0 /* main.cpp */ = {isa = PBXFileReference; lastKnownFileType = sourcecode.cpp.cpp; path = main.cpp; sourceTree = "<group>"; };
		F66FC3C822C8601C0086A2F0 /* integrator.cpp */ = {isa = PBXFileReference; lastKnownFileType = sourcecode.cpp.cpp; path = integrator.cpp; sourceTree = "<group>"; };
		F66FC3C922C8601C0086A2F0 /* integrator.hpp */ = {isa = PBXFileReference; lastKnownFileType = sourcecode.cpp.h; path = integrator.hpp; sourceTree = "<group>"; };
		F66FC3CC22C860750086A2F0 /* sinc.cpp */ = {isa = PBXFileReference; lastKnownFileType = sourcecode.cpp.cpp; path = sinc.cpp; sourceTree = "<group>"; };
		F66FC3CD22C860750086A2F0 /* sinc.hpp */ = {isa = PBXFileReference; lastKnownFileType = sourcecode.cpp.h; path = sinc.hpp; sourceTree = "<group>"; };
		F66FC3D322C860F50086A2F0 /* point.cpp */ = {isa = PBXFileReference; lastKnownFileType = sourcecode.cpp.cpp; path = point.cpp; sourceTree = "<group>"; };
		F66FC3D422C860F50086A2F0 /* point.hpp */ = {isa = PBXFileReference; lastKnownFileType = sourcecode.cpp.h; path = point.hpp; sourceTree = "<group>"; };
		F66FC3D722C861700086A2F0 /* matte.cpp */ = {isa = PBXFileReference; lastKnownFileType = sourcecode.cpp.cpp; path = matte.cpp; sourceTree = "<group>"; };
		F66FC3D822C861700086A2F0 /* matte.hpp */ = {isa = PBXFileReference; lastKnownFileType = sourcecode.cpp.h; path = matte.hpp; sourceTree = "<group>"; };
		F66FC3DB22C861AF0086A2F0 /* path.cpp */ = {isa = PBXFileReference; lastKnownFileType = sourcecode.cpp.cpp; path = path.cpp; sourceTree = "<group>"; };
		F66FC3DC22C861AF0086A2F0 /* path.hpp */ = {isa = PBXFileReference; lastKnownFileType = sourcecode.cpp.h; path = path.hpp; sourceTree = "<group>"; };
		F66FC3DF22C862230086A2F0 /* triangle.cpp */ = {isa = PBXFileReference; lastKnownFileType = sourcecode.cpp.cpp; path = triangle.cpp; sourceTree = "<group>"; };
		F66FC3E022C862230086A2F0 /* triangle.hpp */ = {isa = PBXFileReference; lastKnownFileType = sourcecode.cpp.h; path = triangle.hpp; sourceTree = "<group>"; };
		F66FC3E422C8628F0086A2F0 /* random.cpp */ = {isa = PBXFileReference; lastKnownFileType = sourcecode.cpp.cpp; path = random.cpp; sourceTree = "<group>"; };
		F66FC3E522C8628F0086A2F0 /* random.hpp */ = {isa = PBXFileReference; lastKnownFileType = sourcecode.cpp.h; path = random.hpp; sourceTree = "<group>"; };
		F66FC3E722C862DF0086A2F0 /* perspective.cpp */ = {isa = PBXFileReference; lastKnownFileType = sourcecode.cpp.cpp; path = perspective.cpp; sourceTree = "<group>"; };
		F66FC3E822C862DF0086A2F0 /* perspective.hpp */ = {isa = PBXFileReference; lastKnownFileType = sourcecode.cpp.h; path = perspective.hpp; sourceTree = "<group>"; };
		F66FC3EB22C863550086A2F0 /* bvh.cpp */ = {isa = PBXFileReference; lastKnownFileType = sourcecode.cpp.cpp; path = bvh.cpp; sourceTree = "<group>"; };
		F66FC3EC22C863550086A2F0 /* bvh.hpp */ = {isa = PBXFileReference; lastKnownFileType = sourcecode.cpp.h; path = bvh.hpp; sourceTree = "<group>"; };
		F66FC3EF22C863A40086A2F0 /* constant.cpp */ = {isa = PBXFileReference; lastKnownFileType = sourcecode.cpp.cpp; path = constant.cpp; sourceTree = "<group>"; };
		F66FC3F022C863A40086A2F0 /* constant.hpp */ = {isa = PBXFileReference; lastKnownFileType = sourcecode.cpp.h; path = constant.hpp; sourceTree = "<group>"; };
		F66FC3F322C8646A0086A2F0 /* log.cpp */ = {isa = PBXFileReference; lastKnownFileType = sourcecode.cpp.cpp; path = log.cpp; sourceTree = "<group>"; };
		F66FC3F422C8646A0086A2F0 /* log.hpp */ = {isa = PBXFileReference; lastKnownFileType = sourcecode.cpp.h; path = log.hpp; sourceTree = "<group>"; };
/* End PBXFileReference section */

/* Begin PBXFrameworksBuildPhase section */
		F66FC3B922C858040086A2F0 /* Frameworks */ = {
			isa = PBXFrameworksBuildPhase;
			buildActionMask = 2147483647;
			files = (
			);
			runOnlyForDeploymentPostprocessing = 0;
		};
/* End PBXFrameworksBuildPhase section */

/* Begin PBXGroup section */
		F66FC3B322C858040086A2F0 = {
			isa = PBXGroup;
			children = (
				F66FC3BE22C858040086A2F0 /* Paladin */,
				F66FC3BD22C858040086A2F0 /* Products */,
			);
			sourceTree = "<group>";
		};
		F66FC3BD22C858040086A2F0 /* Products */ = {
			isa = PBXGroup;
			children = (
				F66FC3BC22C858040086A2F0 /* Paladin */,
			);
			name = Products;
			sourceTree = "<group>";
		};
		F66FC3BE22C858040086A2F0 /* Paladin */ = {
			isa = PBXGroup;
			children = (
				F66FC3C622C85F3E0086A2F0 /* src */,
			);
			path = Paladin;
			sourceTree = "<group>";
		};
		F66FC3C622C85F3E0086A2F0 /* src */ = {
			isa = PBXGroup;
			children = (
				F66FC3F222C863DF0086A2F0 /* ext */,
				F66FC3EE22C863840086A2F0 /* textures */,
				F66FC3EA22C862ED0086A2F0 /* accelerators */,
				F66FC3E322C862600086A2F0 /* cameras */,
				F66FC3E222C862560086A2F0 /* samplers */,
				F66FC3DE22C861F30086A2F0 /* shapes */,
				F66FC3DA22C861850086A2F0 /* integrators */,
				F66FC3D622C861000086A2F0 /* materials */,
				F66FC3CF22C860800086A2F0 /* lights */,
				F66FC3CB22C860370086A2F0 /* filters */,
				F66FC3C722C85F710086A2F0 /* core */,
				F66FC3BF22C858040086A2F0 /* main.cpp */,
			);
			path = src;
			sourceTree = "<group>";
		};
		F66FC3C722C85F710086A2F0 /* core */ = {
			isa = PBXGroup;
			children = (
				F66FC3C822C8601C0086A2F0 /* integrator.cpp */,
				F66FC3C922C8601C0086A2F0 /* integrator.hpp */,
			);
			path = core;
			sourceTree = "<group>";
		};
		F66FC3CB22C860370086A2F0 /* filters */ = {
			isa = PBXGroup;
			children = (
				F66FC3CC22C860750086A2F0 /* sinc.cpp */,
				F66FC3CD22C860750086A2F0 /* sinc.hpp */,
			);
			path = filters;
			sourceTree = "<group>";
		};
		F66FC3CF22C860800086A2F0 /* lights */ = {
			isa = PBXGroup;
			children = (
				F66FC3D322C860F50086A2F0 /* point.cpp */,
				F66FC3D422C860F50086A2F0 /* point.hpp */,
			);
			path = lights;
			sourceTree = "<group>";
		};
		F66FC3D622C861000086A2F0 /* materials */ = {
			isa = PBXGroup;
			children = (
				F66FC3D722C861700086A2F0 /* matte.cpp */,
				F66FC3D822C861700086A2F0 /* matte.hpp */,
			);
			path = materials;
			sourceTree = "<group>";
		};
		F66FC3DA22C861850086A2F0 /* integrators */ = {
			isa = PBXGroup;
			children = (
				F66FC3DB22C861AF0086A2F0 /* path.cpp */,
				F66FC3DC22C861AF0086A2F0 /* path.hpp */,
			);
			path = integrators;
			sourceTree = "<group>";
		};
		F66FC3DE22C861F30086A2F0 /* shapes */ = {
			isa = PBXGroup;
			children = (
				F66FC3DF22C862230086A2F0 /* triangle.cpp */,
				F66FC3E022C862230086A2F0 /* triangle.hpp */,
			);
			path = shapes;
			sourceTree = "<group>";
		};
		F66FC3E222C862560086A2F0 /* samplers */ = {
			isa = PBXGroup;
			children = (
				F66FC3E422C8628F0086A2F0 /* random.cpp */,
				F66FC3E522C8628F0086A2F0 /* random.hpp */,
			);
			path = samplers;
			sourceTree = "<group>";
		};
		F66FC3E322C862600086A2F0 /* cameras */ = {
			isa = PBXGroup;
			children = (
				F66FC3E722C862DF0086A2F0 /* perspective.cpp */,
				F66FC3E822C862DF0086A2F0 /* perspective.hpp */,
			);
			path = cameras;
			sourceTree = "<group>";
		};
		F66FC3EA22C862ED0086A2F0 /* accelerators */ = {
			isa = PBXGroup;
			children = (
				F66FC3EB22C863550086A2F0 /* bvh.cpp */,
				F66FC3EC22C863550086A2F0 /* bvh.hpp */,
			);
			path = accelerators;
			sourceTree = "<group>";
		};
		F66FC3EE22C863840086A2F0 /* textures */ = {
			isa = PBXGroup;
			children = (
				F66FC3EF22C863A40086A2F0 /* constant.cpp */,
				F66FC3F022C863A40086A2F0 /* constant.hpp */,
			);
			path = textures;
			sourceTree = "<group>";
		};
		F66FC3F222C863DF0086A2F0 /* ext */ = {
			isa = PBXGroup;
			children = (
				F66FC3F322C8646A0086A2F0 /* log.cpp */,
				F66FC3F422C8646A0086A2F0 /* log.hpp */,
			);
			path = ext;
			sourceTree = "<group>";
		};
/* End PBXGroup section */

/* Begin PBXNativeTarget section */
		F66FC3BB22C858040086A2F0 /* Paladin */ = {
			isa = PBXNativeTarget;
			buildConfigurationList = F66FC3C322C858040086A2F0 /* Build configuration list for PBXNativeTarget "Paladin" */;
			buildPhases = (
				F66FC3B822C858040086A2F0 /* Sources */,
				F66FC3B922C858040086A2F0 /* Frameworks */,
				F66FC3BA22C858040086A2F0 /* CopyFiles */,
			);
			buildRules = (
			);
			dependencies = (
			);
			name = Paladin;
			productName = Paladin;
			productReference = F66FC3BC22C858040086A2F0 /* Paladin */;
			productType = "com.apple.product-type.tool";
		};
/* End PBXNativeTarget section */

/* Begin PBXProject section */
		F66FC3B422C858040086A2F0 /* Project object */ = {
			isa = PBXProject;
			attributes = {
				LastUpgradeCheck = 0920;
				ORGANIZATIONNAME = Zero;
				TargetAttributes = {
					F66FC3BB22C858040086A2F0 = {
						CreatedOnToolsVersion = 9.2;
						ProvisioningStyle = Automatic;
					};
				};
			};
			buildConfigurationList = F66FC3B722C858040086A2F0 /* Build configuration list for PBXProject "Paladin" */;
			compatibilityVersion = "Xcode 8.0";
			developmentRegion = en;
			hasScannedForEncodings = 0;
			knownRegions = (
				en,
			);
			mainGroup = F66FC3B322C858040086A2F0;
			productRefGroup = F66FC3BD22C858040086A2F0 /* Products */;
			projectDirPath = "";
			projectRoot = "";
			targets = (
				F66FC3BB22C858040086A2F0 /* Paladin */,
			);
		};
/* End PBXProject section */

/* Begin PBXSourcesBuildPhase section */
		F66FC3B822C858040086A2F0 /* Sources */ = {
			isa = PBXSourcesBuildPhase;
			buildActionMask = 2147483647;
			files = (
				F66FC3D922C861700086A2F0 /* matte.cpp in Sources */,
				F66FC3D522C860F50086A2F0 /* point.cpp in Sources */,
				F66FC3E122C862230086A2F0 /* triangle.cpp in Sources */,
				F66FC3DD22C861AF0086A2F0 /* path.cpp in Sources */,
				F66FC3E622C8628F0086A2F0 /* random.cpp in Sources */,
				F66FC3CA22C8601C0086A2F0 /* integrator.cpp in Sources */,
				F66FC3F522C8646A0086A2F0 /* log.cpp in Sources */,
				F66FC3C022C858040086A2F0 /* main.cpp in Sources */,
				F66FC3CE22C860750086A2F0 /* sinc.cpp in Sources */,
				F66FC3ED22C863550086A2F0 /* bvh.cpp in Sources */,
				F66FC3F122C863A40086A2F0 /* constant.cpp in Sources */,
				F66FC3E922C862DF0086A2F0 /* perspective.cpp in Sources */,
			);
			runOnlyForDeploymentPostprocessing = 0;
		};
/* End PBXSourcesBuildPhase section */

/* Begin XCBuildConfiguration section */
		F66FC3C122C858040086A2F0 /* Debug */ = {
			isa = XCBuildConfiguration;
			buildSettings = {
				ALWAYS_SEARCH_USER_PATHS = NO;
				CLANG_ANALYZER_NONNULL = YES;
				CLANG_ANALYZER_NUMBER_OBJECT_CONVERSION = YES_AGGRESSIVE;
				CLANG_CXX_LANGUAGE_STANDARD = "gnu++14";
				CLANG_CXX_LIBRARY = "libc++";
				CLANG_ENABLE_MODULES = YES;
				CLANG_ENABLE_OBJC_ARC = YES;
				CLANG_WARN_BLOCK_CAPTURE_AUTORELEASING = YES;
				CLANG_WARN_BOOL_CONVERSION = YES;
				CLANG_WARN_COMMA = YES;
				CLANG_WARN_CONSTANT_CONVERSION = YES;
				CLANG_WARN_DIRECT_OBJC_ISA_USAGE = YES_ERROR;
				CLANG_WARN_DOCUMENTATION_COMMENTS = YES;
				CLANG_WARN_EMPTY_BODY = YES;
				CLANG_WARN_ENUM_CONVERSION = YES;
				CLANG_WARN_INFINITE_RECURSION = YES;
				CLANG_WARN_INT_CONVERSION = YES;
				CLANG_WARN_NON_LITERAL_NULL_CONVERSION = YES;
				CLANG_WARN_OBJC_LITERAL_CONVERSION = YES;
				CLANG_WARN_OBJC_ROOT_CLASS = YES_ERROR;
				CLANG_WARN_RANGE_LOOP_ANALYSIS = YES;
				CLANG_WARN_STRICT_PROTOTYPES = YES;
				CLANG_WARN_SUSPICIOUS_MOVE = YES;
				CLANG_WARN_UNGUARDED_AVAILABILITY = YES_AGGRESSIVE;
				CLANG_WARN_UNREACHABLE_CODE = YES;
				CLANG_WARN__DUPLICATE_METHOD_MATCH = YES;
				CODE_SIGN_IDENTITY = "-";
				COPY_PHASE_STRIP = NO;
				DEBUG_INFORMATION_FORMAT = dwarf;
				ENABLE_STRICT_OBJC_MSGSEND = YES;
				ENABLE_TESTABILITY = YES;
				GCC_C_LANGUAGE_STANDARD = gnu11;
				GCC_DYNAMIC_NO_PIC = NO;
				GCC_NO_COMMON_BLOCKS = YES;
				GCC_OPTIMIZATION_LEVEL = 0;
				GCC_PREPROCESSOR_DEFINITIONS = (
					"DEBUG=1",
					"$(inherited)",
				);
				GCC_WARN_64_TO_32_BIT_CONVERSION = YES;
				GCC_WARN_ABOUT_RETURN_TYPE = YES_ERROR;
				GCC_WARN_UNDECLARED_SELECTOR = YES;
				GCC_WARN_UNINITIALIZED_AUTOS = YES_AGGRESSIVE;
				GCC_WARN_UNUSED_FUNCTION = YES;
				GCC_WARN_UNUSED_VARIABLE = YES;
				MACOSX_DEPLOYMENT_TARGET = 10.14;
				MTL_ENABLE_DEBUG_INFO = YES;
				ONLY_ACTIVE_ARCH = YES;
				SDKROOT = macosx;
			};
			name = Debug;
		};
		F66FC3C222C858040086A2F0 /* Release */ = {
			isa = XCBuildConfiguration;
			buildSettings = {
				ALWAYS_SEARCH_USER_PATHS = NO;
				CLANG_ANALYZER_NONNULL = YES;
				CLANG_ANALYZER_NUMBER_OBJECT_CONVERSION = YES_AGGRESSIVE;
				CLANG_CXX_LANGUAGE_STANDARD = "gnu++14";
				CLANG_CXX_LIBRARY = "libc++";
				CLANG_ENABLE_MODULES = YES;
				CLANG_ENABLE_OBJC_ARC = YES;
				CLANG_WARN_BLOCK_CAPTURE_AUTORELEASING = YES;
				CLANG_WARN_BOOL_CONVERSION = YES;
				CLANG_WARN_COMMA = YES;
				CLANG_WARN_CONSTANT_CONVERSION = YES;
				CLANG_WARN_DIRECT_OBJC_ISA_USAGE = YES_ERROR;
				CLANG_WARN_DOCUMENTATION_COMMENTS = YES;
				CLANG_WARN_EMPTY_BODY = YES;
				CLANG_WARN_ENUM_CONVERSION = YES;
				CLANG_WARN_INFINITE_RECURSION = YES;
				CLANG_WARN_INT_CONVERSION = YES;
				CLANG_WARN_NON_LITERAL_NULL_CONVERSION = YES;
				CLANG_WARN_OBJC_LITERAL_CONVERSION = YES;
				CLANG_WARN_OBJC_ROOT_CLASS = YES_ERROR;
				CLANG_WARN_RANGE_LOOP_ANALYSIS = YES;
				CLANG_WARN_STRICT_PROTOTYPES = YES;
				CLANG_WARN_SUSPICIOUS_MOVE = YES;
				CLANG_WARN_UNGUARDED_AVAILABILITY = YES_AGGRESSIVE;
				CLANG_WARN_UNREACHABLE_CODE = YES;
				CLANG_WARN__DUPLICATE_METHOD_MATCH = YES;
				CODE_SIGN_IDENTITY = "-";
				COPY_PHASE_STRIP = NO;
				DEBUG_INFORMATION_FORMAT = "dwarf-with-dsym";
				ENABLE_NS_ASSERTIONS = NO;
				ENABLE_STRICT_OBJC_MSGSEND = YES;
				GCC_C_LANGUAGE_STANDARD = gnu11;
				GCC_NO_COMMON_BLOCKS = YES;
				GCC_WARN_64_TO_32_BIT_CONVERSION = YES;
				GCC_WARN_ABOUT_RETURN_TYPE = YES_ERROR;
				GCC_WARN_UNDECLARED_SELECTOR = YES;
				GCC_WARN_UNINITIALIZED_AUTOS = YES_AGGRESSIVE;
				GCC_WARN_UNUSED_FUNCTION = YES;
				GCC_WARN_UNUSED_VARIABLE = YES;
				MACOSX_DEPLOYMENT_TARGET = 10.14;
				MTL_ENABLE_DEBUG_INFO = NO;
				SDKROOT = macosx;
			};
			name = Release;
		};
		F66FC3C422C858040086A2F0 /* Debug */ = {
			isa = XCBuildConfiguration;
			buildSettings = {
				CODE_SIGN_STYLE = Automatic;
				PRODUCT_NAME = "$(TARGET_NAME)";
			};
			name = Debug;
		};
		F66FC3C522C858040086A2F0 /* Release */ = {
			isa = XCBuildConfiguration;
			buildSettings = {
				CODE_SIGN_STYLE = Automatic;
				PRODUCT_NAME = "$(TARGET_NAME)";
			};
			name = Release;
		};
/* End XCBuildConfiguration section */

/* Begin XCConfigurationList section */
		F66FC3B722C858040086A2F0 /* Build configuration list for PBXProject "Paladin" */ = {
			isa = XCConfigurationList;
			buildConfigurations = (
				F66FC3C122C858040086A2F0 /* Debug */,
				F66FC3C222C858040086A2F0 /* Release */,
			);
			defaultConfigurationIsVisible = 0;
			defaultConfigurationName = Release;
		};
		F66FC3C322C858040086A2F0 /* Build configuration list for PBXNativeTarget "Paladin" */ = {
			isa = XCConfigurationList;
			buildConfigurations = (
				F66FC3C422C858040086A2F0 /* Debug */,
				F66FC3C522C858040086A2F0 /* Release */,
			);
			defaultConfigurationIsVisible = 0;
			defaultConfigurationName = Release;
		};
/* End XCConfigurationList section */
	};
	rootObject = F66FC3B422C858040086A2F0 /* Project object */;
}
