// !$*UTF8*$!
{
	archiveVersion = 1;
	classes = {
	};
	objectVersion = 48;
	objects = {

/* Begin PBXBuildFile section */
		F628C2CC22D6456700D981F5 /* interaction.cpp in Sources */ = {isa = PBXBuildFile; fileRef = F628C2CA22D6456700D981F5 /* interaction.cpp */; };
		F64AD4B222DE2B9800F8EDC3 /* medium.cpp in Sources */ = {isa = PBXBuildFile; fileRef = F64AD4B022DE2B9800F8EDC3 /* medium.cpp */; };
		F64AD4B522DE310E00F8EDC3 /* memory.cpp in Sources */ = {isa = PBXBuildFile; fileRef = F64AD4B322DE310E00F8EDC3 /* memory.cpp */; };
		F64F6BAD22E9FE6200FEC609 /* lowdiscrepancy.cpp in Sources */ = {isa = PBXBuildFile; fileRef = F64F6BAB22E9FE6200FEC609 /* lowdiscrepancy.cpp */; };
		F64FD2DD22F1F2AE00D97D20 /* curve.cpp in Sources */ = {isa = PBXBuildFile; fileRef = F64FD2DB22F1F2AE00D97D20 /* curve.cpp */; };
		F65A537A22D987EB009CE4DB /* animatedtransform.cpp in Sources */ = {isa = PBXBuildFile; fileRef = F65A537822D987EB009CE4DB /* animatedtransform.cpp */; };
		F66FC3C022C858040086A2F0 /* main.cpp in Sources */ = {isa = PBXBuildFile; fileRef = F66FC3BF22C858040086A2F0 /* main.cpp */; };
		F66FC3CA22C8601C0086A2F0 /* integrator.cpp in Sources */ = {isa = PBXBuildFile; fileRef = F66FC3C822C8601C0086A2F0 /* integrator.cpp */; };
		F66FC3CE22C860750086A2F0 /* sinc.cpp in Sources */ = {isa = PBXBuildFile; fileRef = F66FC3CC22C860750086A2F0 /* sinc.cpp */; };
		F66FC3D522C860F50086A2F0 /* pointlight.cpp in Sources */ = {isa = PBXBuildFile; fileRef = F66FC3D322C860F50086A2F0 /* pointlight.cpp */; };
		F66FC3D922C861700086A2F0 /* matte.cpp in Sources */ = {isa = PBXBuildFile; fileRef = F66FC3D722C861700086A2F0 /* matte.cpp */; };
		F66FC3DD22C861AF0086A2F0 /* path.cpp in Sources */ = {isa = PBXBuildFile; fileRef = F66FC3DB22C861AF0086A2F0 /* path.cpp */; };
		F66FC3E122C862230086A2F0 /* triangle.cpp in Sources */ = {isa = PBXBuildFile; fileRef = F66FC3DF22C862230086A2F0 /* triangle.cpp */; };
		F66FC3E622C8628F0086A2F0 /* random.cpp in Sources */ = {isa = PBXBuildFile; fileRef = F66FC3E422C8628F0086A2F0 /* random.cpp */; };
		F66FC3E922C862DF0086A2F0 /* perspective.cpp in Sources */ = {isa = PBXBuildFile; fileRef = F66FC3E722C862DF0086A2F0 /* perspective.cpp */; };
		F66FC3ED22C863550086A2F0 /* bvh.cpp in Sources */ = {isa = PBXBuildFile; fileRef = F66FC3EB22C863550086A2F0 /* bvh.cpp */; };
		F66FC3F122C863A40086A2F0 /* constant.cpp in Sources */ = {isa = PBXBuildFile; fileRef = F66FC3EF22C863A40086A2F0 /* constant.cpp */; };
		F66FC3F922C8662C0086A2F0 /* transform.cpp in Sources */ = {isa = PBXBuildFile; fileRef = F66FC3F722C8662C0086A2F0 /* transform.cpp */; };
		F66FC3FE22C86C1D0086A2F0 /* shape.cpp in Sources */ = {isa = PBXBuildFile; fileRef = F66FC3FC22C86C1D0086A2F0 /* shape.cpp */; };
		F66FC40122C86C350086A2F0 /* material.cpp in Sources */ = {isa = PBXBuildFile; fileRef = F66FC3FF22C86C350086A2F0 /* material.cpp */; };
		F66FC40422C86C4E0086A2F0 /* texture.cpp in Sources */ = {isa = PBXBuildFile; fileRef = F66FC40222C86C4E0086A2F0 /* texture.cpp */; };
		F66FC40722C86C7B0086A2F0 /* light.cpp in Sources */ = {isa = PBXBuildFile; fileRef = F66FC40522C86C7B0086A2F0 /* light.cpp */; };
		F66FC40A22C87E850086A2F0 /* paladin.cpp in Sources */ = {isa = PBXBuildFile; fileRef = F66FC40822C87E850086A2F0 /* paladin.cpp */; };
		F66FC40E22C87FA50086A2F0 /* scene.cpp in Sources */ = {isa = PBXBuildFile; fileRef = F66FC40C22C87FA50086A2F0 /* scene.cpp */; };
		F66FC41122C886640086A2F0 /* spectrum.cpp in Sources */ = {isa = PBXBuildFile; fileRef = F66FC40F22C886640086A2F0 /* spectrum.cpp */; };
		F66FC41422C890FD0086A2F0 /* camera.cpp in Sources */ = {isa = PBXBuildFile; fileRef = F66FC41222C890FD0086A2F0 /* camera.cpp */; };
		F66FC41722C891140086A2F0 /* sampler.cpp in Sources */ = {isa = PBXBuildFile; fileRef = F66FC41522C891140086A2F0 /* sampler.cpp */; };
		F66FC41A22C891700086A2F0 /* sphere.cpp in Sources */ = {isa = PBXBuildFile; fileRef = F66FC41822C891700086A2F0 /* sphere.cpp */; };
		F66FC41D22C891970086A2F0 /* cylinder.cpp in Sources */ = {isa = PBXBuildFile; fileRef = F66FC41B22C891970086A2F0 /* cylinder.cpp */; };
		F66FC42022C891A10086A2F0 /* cone.cpp in Sources */ = {isa = PBXBuildFile; fileRef = F66FC41E22C891A10086A2F0 /* cone.cpp */; };
		F66FC42322C891BE0086A2F0 /* disk.cpp in Sources */ = {isa = PBXBuildFile; fileRef = F66FC42122C891BE0086A2F0 /* disk.cpp */; };
		F66FC42622C892D30086A2F0 /* kdtree.cpp in Sources */ = {isa = PBXBuildFile; fileRef = F66FC42422C892D30086A2F0 /* kdtree.cpp */; };
		F66FC42922C892E80086A2F0 /* quaternion.cpp in Sources */ = {isa = PBXBuildFile; fileRef = F66FC42722C892E80086A2F0 /* quaternion.cpp */; };
		F66FC42C22C893850086A2F0 /* bxdf.cpp in Sources */ = {isa = PBXBuildFile; fileRef = F66FC42A22C893850086A2F0 /* bxdf.cpp */; };
		F66FC42F22C8C5BD0086A2F0 /* sampling.cpp in Sources */ = {isa = PBXBuildFile; fileRef = F66FC42D22C8C5BD0086A2F0 /* sampling.cpp */; };
		F66FC43222C8C5E10086A2F0 /* fileio.cpp in Sources */ = {isa = PBXBuildFile; fileRef = F66FC43022C8C5E10086A2F0 /* fileio.cpp */; };
		F66FC43522C8C7960086A2F0 /* box.cpp in Sources */ = {isa = PBXBuildFile; fileRef = F66FC43322C8C7960086A2F0 /* box.cpp */; };
		F682E05322EFBBA0000814A8 /* cube.cpp in Sources */ = {isa = PBXBuildFile; fileRef = F682E05122EFBBA0000814A8 /* cube.cpp */; };
/* End PBXBuildFile section */

/* Begin PBXCopyFilesBuildPhase section */
		F66FC3BA22C858040086A2F0 /* CopyFiles */ = {
			isa = PBXCopyFilesBuildPhase;
			buildActionMask = 2147483647;
			dstPath = /usr/share/man/man1/;
			dstSubfolderSpec = 0;
			files = (
			);
			runOnlyForDeploymentPostprocessing = 1;
		};
/* End PBXCopyFilesBuildPhase section */

/* Begin PBXFileReference section */
		F628C2CA22D6456700D981F5 /* interaction.cpp */ = {isa = PBXFileReference; lastKnownFileType = sourcecode.cpp.cpp; path = interaction.cpp; sourceTree = "<group>"; };
		F628C2CB22D6456700D981F5 /* interaction.hpp */ = {isa = PBXFileReference; lastKnownFileType = sourcecode.cpp.h; path = interaction.hpp; sourceTree = "<group>"; };
		F64AD4B022DE2B9800F8EDC3 /* medium.cpp */ = {isa = PBXFileReference; lastKnownFileType = sourcecode.cpp.cpp; path = medium.cpp; sourceTree = "<group>"; };
		F64AD4B122DE2B9800F8EDC3 /* medium.hpp */ = {isa = PBXFileReference; lastKnownFileType = sourcecode.cpp.h; path = medium.hpp; sourceTree = "<group>"; };
		F64AD4B322DE310E00F8EDC3 /* memory.cpp */ = {isa = PBXFileReference; lastKnownFileType = sourcecode.cpp.cpp; path = memory.cpp; sourceTree = "<group>"; };
		F64AD4B422DE310E00F8EDC3 /* memory.hpp */ = {isa = PBXFileReference; lastKnownFileType = sourcecode.cpp.h; path = memory.hpp; sourceTree = "<group>"; };
		F64C73F022E436F300731491 /* errfloat.h */ = {isa = PBXFileReference; lastKnownFileType = sourcecode.c.h; path = errfloat.h; sourceTree = "<group>"; };
		F64F6BAB22E9FE6200FEC609 /* lowdiscrepancy.cpp */ = {isa = PBXFileReference; lastKnownFileType = sourcecode.cpp.cpp; path = lowdiscrepancy.cpp; sourceTree = "<group>"; };
		F64F6BAC22E9FE6200FEC609 /* lowdiscrepancy.hpp */ = {isa = PBXFileReference; lastKnownFileType = sourcecode.cpp.h; path = lowdiscrepancy.hpp; sourceTree = "<group>"; };
		F64F6BAE22E9FFF500FEC609 /* rng.h */ = {isa = PBXFileReference; lastKnownFileType = sourcecode.c.h; path = rng.h; sourceTree = "<group>"; };
		F64FD2DB22F1F2AE00D97D20 /* curve.cpp */ = {isa = PBXFileReference; lastKnownFileType = sourcecode.cpp.cpp; path = curve.cpp; sourceTree = "<group>"; };
		F64FD2DC22F1F2AE00D97D20 /* curve.hpp */ = {isa = PBXFileReference; lastKnownFileType = sourcecode.cpp.h; path = curve.hpp; sourceTree = "<group>"; };
		F65A537822D987EB009CE4DB /* animatedtransform.cpp */ = {isa = PBXFileReference; lastKnownFileType = sourcecode.cpp.cpp; path = animatedtransform.cpp; sourceTree = "<group>"; };
		F65A537922D987EB009CE4DB /* animatedtransform.hpp */ = {isa = PBXFileReference; lastKnownFileType = sourcecode.cpp.h; path = animatedtransform.hpp; sourceTree = "<group>"; };
		F666921322D0D38500B50538 /* ray.h */ = {isa = PBXFileReference; lastKnownFileType = sourcecode.c.h; path = ray.h; sourceTree = "<group>"; };
		F66FC3BC22C858040086A2F0 /* Paladin */ = {isa = PBXFileReference; explicitFileType = "compiled.mach-o.executable"; includeInIndex = 0; path = Paladin; sourceTree = BUILT_PRODUCTS_DIR; };
		F66FC3BF22C858040086A2F0 /* main.cpp */ = {isa = PBXFileReference; lastKnownFileType = sourcecode.cpp.cpp; path = main.cpp; sourceTree = "<group>"; };
		F66FC3C822C8601C0086A2F0 /* integrator.cpp */ = {isa = PBXFileReference; lastKnownFileType = sourcecode.cpp.cpp; path = integrator.cpp; sourceTree = "<group>"; };
		F66FC3C922C8601C0086A2F0 /* integrator.hpp */ = {isa = PBXFileReference; lastKnownFileType = sourcecode.cpp.h; path = integrator.hpp; sourceTree = "<group>"; };
		F66FC3CC22C860750086A2F0 /* sinc.cpp */ = {isa = PBXFileReference; lastKnownFileType = sourcecode.cpp.cpp; path = sinc.cpp; sourceTree = "<group>"; };
		F66FC3CD22C860750086A2F0 /* sinc.hpp */ = {isa = PBXFileReference; lastKnownFileType = sourcecode.cpp.h; path = sinc.hpp; sourceTree = "<group>"; };
		F66FC3D322C860F50086A2F0 /* pointlight.cpp */ = {isa = PBXFileReference; lastKnownFileType = sourcecode.cpp.cpp; path = pointlight.cpp; sourceTree = "<group>"; };
		F66FC3D422C860F50086A2F0 /* pointlight.hpp */ = {isa = PBXFileReference; lastKnownFileType = sourcecode.cpp.h; path = pointlight.hpp; sourceTree = "<group>"; };
		F66FC3D722C861700086A2F0 /* matte.cpp */ = {isa = PBXFileReference; lastKnownFileType = sourcecode.cpp.cpp; path = matte.cpp; sourceTree = "<group>"; };
		F66FC3D822C861700086A2F0 /* matte.hpp */ = {isa = PBXFileReference; lastKnownFileType = sourcecode.cpp.h; path = matte.hpp; sourceTree = "<group>"; };
		F66FC3DB22C861AF0086A2F0 /* path.cpp */ = {isa = PBXFileReference; lastKnownFileType = sourcecode.cpp.cpp; path = path.cpp; sourceTree = "<group>"; };
		F66FC3DC22C861AF0086A2F0 /* path.hpp */ = {isa = PBXFileReference; lastKnownFileType = sourcecode.cpp.h; path = path.hpp; sourceTree = "<group>"; };
		F66FC3DF22C862230086A2F0 /* triangle.cpp */ = {isa = PBXFileReference; lastKnownFileType = sourcecode.cpp.cpp; path = triangle.cpp; sourceTree = "<group>"; };
		F66FC3E022C862230086A2F0 /* triangle.hpp */ = {isa = PBXFileReference; lastKnownFileType = sourcecode.cpp.h; path = triangle.hpp; sourceTree = "<group>"; };
		F66FC3E422C8628F0086A2F0 /* random.cpp */ = {isa = PBXFileReference; lastKnownFileType = sourcecode.cpp.cpp; path = random.cpp; sourceTree = "<group>"; };
		F66FC3E522C8628F0086A2F0 /* random.hpp */ = {isa = PBXFileReference; lastKnownFileType = sourcecode.cpp.h; path = random.hpp; sourceTree = "<group>"; };
		F66FC3E722C862DF0086A2F0 /* perspective.cpp */ = {isa = PBXFileReference; lastKnownFileType = sourcecode.cpp.cpp; path = perspective.cpp; sourceTree = "<group>"; };
		F66FC3E822C862DF0086A2F0 /* perspective.hpp */ = {isa = PBXFileReference; lastKnownFileType = sourcecode.cpp.h; path = perspective.hpp; sourceTree = "<group>"; };
		F66FC3EB22C863550086A2F0 /* bvh.cpp */ = {isa = PBXFileReference; lastKnownFileType = sourcecode.cpp.cpp; path = bvh.cpp; sourceTree = "<group>"; };
		F66FC3EC22C863550086A2F0 /* bvh.hpp */ = {isa = PBXFileReference; lastKnownFileType = sourcecode.cpp.h; path = bvh.hpp; sourceTree = "<group>"; };
		F66FC3EF22C863A40086A2F0 /* constant.cpp */ = {isa = PBXFileReference; lastKnownFileType = sourcecode.cpp.cpp; path = constant.cpp; sourceTree = "<group>"; };
		F66FC3F022C863A40086A2F0 /* constant.hpp */ = {isa = PBXFileReference; lastKnownFileType = sourcecode.cpp.h; path = constant.hpp; sourceTree = "<group>"; };
		F66FC3F722C8662C0086A2F0 /* transform.cpp */ = {isa = PBXFileReference; lastKnownFileType = sourcecode.cpp.cpp; path = transform.cpp; sourceTree = "<group>"; };
		F66FC3F822C8662C0086A2F0 /* transform.hpp */ = {isa = PBXFileReference; lastKnownFileType = sourcecode.cpp.h; path = transform.hpp; sourceTree = "<group>"; };
		F66FC3FC22C86C1D0086A2F0 /* shape.cpp */ = {isa = PBXFileReference; lastKnownFileType = sourcecode.cpp.cpp; path = shape.cpp; sourceTree = "<group>"; };
		F66FC3FD22C86C1D0086A2F0 /* shape.hpp */ = {isa = PBXFileReference; lastKnownFileType = sourcecode.cpp.h; path = shape.hpp; sourceTree = "<group>"; };
		F66FC3FF22C86C350086A2F0 /* material.cpp */ = {isa = PBXFileReference; lastKnownFileType = sourcecode.cpp.cpp; path = material.cpp; sourceTree = "<group>"; };
		F66FC40022C86C350086A2F0 /* material.hpp */ = {isa = PBXFileReference; lastKnownFileType = sourcecode.cpp.h; path = material.hpp; sourceTree = "<group>"; };
		F66FC40222C86C4E0086A2F0 /* texture.cpp */ = {isa = PBXFileReference; lastKnownFileType = sourcecode.cpp.cpp; path = texture.cpp; sourceTree = "<group>"; };
		F66FC40322C86C4E0086A2F0 /* texture.hpp */ = {isa = PBXFileReference; lastKnownFileType = sourcecode.cpp.h; path = texture.hpp; sourceTree = "<group>"; };
		F66FC40522C86C7B0086A2F0 /* light.cpp */ = {isa = PBXFileReference; lastKnownFileType = sourcecode.cpp.cpp; path = light.cpp; sourceTree = "<group>"; };
		F66FC40622C86C7B0086A2F0 /* light.hpp */ = {isa = PBXFileReference; lastKnownFileType = sourcecode.cpp.h; path = light.hpp; sourceTree = "<group>"; };
		F66FC40822C87E850086A2F0 /* paladin.cpp */ = {isa = PBXFileReference; lastKnownFileType = sourcecode.cpp.cpp; path = paladin.cpp; sourceTree = "<group>"; };
		F66FC40922C87E850086A2F0 /* paladin.hpp */ = {isa = PBXFileReference; lastKnownFileType = sourcecode.cpp.h; path = paladin.hpp; sourceTree = "<group>"; };
		F66FC40C22C87FA50086A2F0 /* scene.cpp */ = {isa = PBXFileReference; lastKnownFileType = sourcecode.cpp.cpp; path = scene.cpp; sourceTree = "<group>"; };
		F66FC40D22C87FA50086A2F0 /* scene.hpp */ = {isa = PBXFileReference; lastKnownFileType = sourcecode.cpp.h; path = scene.hpp; sourceTree = "<group>"; };
		F66FC40F22C886640086A2F0 /* spectrum.cpp */ = {isa = PBXFileReference; lastKnownFileType = sourcecode.cpp.cpp; path = spectrum.cpp; sourceTree = "<group>"; };
		F66FC41022C886640086A2F0 /* spectrum.hpp */ = {isa = PBXFileReference; lastKnownFileType = sourcecode.cpp.h; path = spectrum.hpp; sourceTree = "<group>"; };
		F66FC41222C890FD0086A2F0 /* camera.cpp */ = {isa = PBXFileReference; lastKnownFileType = sourcecode.cpp.cpp; path = camera.cpp; sourceTree = "<group>"; };
		F66FC41322C890FD0086A2F0 /* camera.hpp */ = {isa = PBXFileReference; lastKnownFileType = sourcecode.cpp.h; path = camera.hpp; sourceTree = "<group>"; };
		F66FC41522C891140086A2F0 /* sampler.cpp */ = {isa = PBXFileReference; lastKnownFileType = sourcecode.cpp.cpp; path = sampler.cpp; sourceTree = "<group>"; };
		F66FC41622C891140086A2F0 /* sampler.hpp */ = {isa = PBXFileReference; lastKnownFileType = sourcecode.cpp.h; path = sampler.hpp; sourceTree = "<group>"; };
		F66FC41822C891700086A2F0 /* sphere.cpp */ = {isa = PBXFileReference; lastKnownFileType = sourcecode.cpp.cpp; path = sphere.cpp; sourceTree = "<group>"; };
		F66FC41922C891700086A2F0 /* sphere.hpp */ = {isa = PBXFileReference; lastKnownFileType = sourcecode.cpp.h; path = sphere.hpp; sourceTree = "<group>"; };
		F66FC41B22C891970086A2F0 /* cylinder.cpp */ = {isa = PBXFileReference; lastKnownFileType = sourcecode.cpp.cpp; path = cylinder.cpp; sourceTree = "<group>"; };
		F66FC41C22C891970086A2F0 /* cylinder.hpp */ = {isa = PBXFileReference; lastKnownFileType = sourcecode.cpp.h; path = cylinder.hpp; sourceTree = "<group>"; };
		F66FC41E22C891A10086A2F0 /* cone.cpp */ = {isa = PBXFileReference; lastKnownFileType = sourcecode.cpp.cpp; path = cone.cpp; sourceTree = "<group>"; };
		F66FC41F22C891A10086A2F0 /* cone.hpp */ = {isa = PBXFileReference; lastKnownFileType = sourcecode.cpp.h; path = cone.hpp; sourceTree = "<group>"; };
		F66FC42122C891BE0086A2F0 /* disk.cpp */ = {isa = PBXFileReference; lastKnownFileType = sourcecode.cpp.cpp; path = disk.cpp; sourceTree = "<group>"; };
		F66FC42222C891BE0086A2F0 /* disk.hpp */ = {isa = PBXFileReference; lastKnownFileType = sourcecode.cpp.h; path = disk.hpp; sourceTree = "<group>"; };
		F66FC42422C892D30086A2F0 /* kdtree.cpp */ = {isa = PBXFileReference; lastKnownFileType = sourcecode.cpp.cpp; path = kdtree.cpp; sourceTree = "<group>"; };
		F66FC42522C892D30086A2F0 /* kdtree.hpp */ = {isa = PBXFileReference; lastKnownFileType = sourcecode.cpp.h; path = kdtree.hpp; sourceTree = "<group>"; };
		F66FC42722C892E80086A2F0 /* quaternion.cpp */ = {isa = PBXFileReference; lastKnownFileType = sourcecode.cpp.cpp; path = quaternion.cpp; sourceTree = "<group>"; };
		F66FC42822C892E80086A2F0 /* quaternion.hpp */ = {isa = PBXFileReference; lastKnownFileType = sourcecode.cpp.h; path = quaternion.hpp; sourceTree = "<group>"; };
		F66FC42A22C893850086A2F0 /* bxdf.cpp */ = {isa = PBXFileReference; lastKnownFileType = sourcecode.cpp.cpp; path = bxdf.cpp; sourceTree = "<group>"; };
		F66FC42B22C893850086A2F0 /* bxdf.hpp */ = {isa = PBXFileReference; lastKnownFileType = sourcecode.cpp.h; path = bxdf.hpp; sourceTree = "<group>"; };
		F66FC42D22C8C5BD0086A2F0 /* sampling.cpp */ = {isa = PBXFileReference; lastKnownFileType = sourcecode.cpp.cpp; path = sampling.cpp; sourceTree = "<group>"; };
		F66FC42E22C8C5BD0086A2F0 /* sampling.hpp */ = {isa = PBXFileReference; lastKnownFileType = sourcecode.cpp.h; path = sampling.hpp; sourceTree = "<group>"; };
		F66FC43022C8C5E10086A2F0 /* fileio.cpp */ = {isa = PBXFileReference; lastKnownFileType = sourcecode.cpp.cpp; path = fileio.cpp; sourceTree = "<group>"; };
		F66FC43122C8C5E10086A2F0 /* fileio.hpp */ = {isa = PBXFileReference; lastKnownFileType = sourcecode.cpp.h; path = fileio.hpp; sourceTree = "<group>"; };
		F66FC43322C8C7960086A2F0 /* box.cpp */ = {isa = PBXFileReference; lastKnownFileType = sourcecode.cpp.cpp; path = box.cpp; sourceTree = "<group>"; };
		F66FC43422C8C7960086A2F0 /* box.hpp */ = {isa = PBXFileReference; lastKnownFileType = sourcecode.cpp.h; path = box.hpp; sourceTree = "<group>"; };
		F66FC43622C8C7E70086A2F0 /* point.h */ = {isa = PBXFileReference; lastKnownFileType = sourcecode.c.h; path = point.h; sourceTree = "<group>"; };
		F66FC43922C8FBCA0086A2F0 /* macro.h */ = {isa = PBXFileReference; lastKnownFileType = sourcecode.c.h; path = macro.h; sourceTree = "<group>"; };
		F66FC43A22C910490086A2F0 /* bounds.h */ = {isa = PBXFileReference; lastKnownFileType = sourcecode.c.h; path = bounds.h; sourceTree = "<group>"; };
		F66FC43B22C9106E0086A2F0 /* vector.h */ = {isa = PBXFileReference; lastKnownFileType = sourcecode.c.h; path = vector.h; sourceTree = "<group>"; };
		F66FC43C22C91BEC0086A2F0 /* header.h */ = {isa = PBXFileReference; lastKnownFileType = sourcecode.c.h; path = header.h; sourceTree = "<group>"; };
		F66FC43D22CA583B0086A2F0 /* stringprint.hpp */ = {isa = PBXFileReference; lastKnownFileType = sourcecode.cpp.h; path = stringprint.hpp; sourceTree = "<group>"; };
		F66FC43E22CD031F0086A2F0 /* mathutil.h */ = {isa = PBXFileReference; lastKnownFileType = sourcecode.c.h; path = mathutil.h; sourceTree = "<group>"; };
		F682E05122EFBBA0000814A8 /* cube.cpp */ = {isa = PBXFileReference; lastKnownFileType = sourcecode.cpp.cpp; path = cube.cpp; sourceTree = "<group>"; };
		F682E05222EFBBA0000814A8 /* cube.hpp */ = {isa = PBXFileReference; lastKnownFileType = sourcecode.cpp.h; path = cube.hpp; sourceTree = "<group>"; };
/* End PBXFileReference section */

/* Begin PBXFrameworksBuildPhase section */
		F66FC3B922C858040086A2F0 /* Frameworks */ = {
			isa = PBXFrameworksBuildPhase;
			buildActionMask = 2147483647;
			files = (
			);
			runOnlyForDeploymentPostprocessing = 0;
		};
/* End PBXFrameworksBuildPhase section */

/* Begin PBXGroup section */
		F66FC3B322C858040086A2F0 = {
			isa = PBXGroup;
			children = (
				F66FC3BE22C858040086A2F0 /* Paladin */,
				F66FC3BD22C858040086A2F0 /* Products */,
			);
			sourceTree = "<group>";
		};
		F66FC3BD22C858040086A2F0 /* Products */ = {
			isa = PBXGroup;
			children = (
				F66FC3BC22C858040086A2F0 /* Paladin */,
			);
			name = Products;
			sourceTree = "<group>";
		};
		F66FC3BE22C858040086A2F0 /* Paladin */ = {
			isa = PBXGroup;
			children = (
				F66FC3F222C863DF0086A2F0 /* ext */,
				F66FC3C622C85F3E0086A2F0 /* src */,
			);
			path = Paladin;
			sourceTree = "<group>";
		};
		F66FC3C622C85F3E0086A2F0 /* src */ = {
			isa = PBXGroup;
			children = (
				F66FC3FB22C86BCA0086A2F0 /* parallel */,
				F66FC3FA22C867C20086A2F0 /* tools */,
				F66FC3F622C8660E0086A2F0 /* math */,
				F66FC3EE22C863840086A2F0 /* textures */,
				F66FC3EA22C862ED0086A2F0 /* accelerators */,
				F66FC3E322C862600086A2F0 /* cameras */,
				F66FC3E222C862560086A2F0 /* samplers */,
				F66FC3DE22C861F30086A2F0 /* shapes */,
				F66FC3DA22C861850086A2F0 /* integrators */,
				F66FC3D622C861000086A2F0 /* materials */,
				F66FC3CF22C860800086A2F0 /* lights */,
				F66FC3CB22C860370086A2F0 /* filters */,
				F66FC3C722C85F710086A2F0 /* core */,
				F66FC3BF22C858040086A2F0 /* main.cpp */,
			);
			path = src;
			sourceTree = "<group>";
		};
		F66FC3C722C85F710086A2F0 /* core */ = {
			isa = PBXGroup;
			children = (
				F66FC3C822C8601C0086A2F0 /* integrator.cpp */,
				F66FC3C922C8601C0086A2F0 /* integrator.hpp */,
				F66FC3FC22C86C1D0086A2F0 /* shape.cpp */,
				F66FC3FD22C86C1D0086A2F0 /* shape.hpp */,
				F66FC3FF22C86C350086A2F0 /* material.cpp */,
				F66FC40022C86C350086A2F0 /* material.hpp */,
				F66FC40222C86C4E0086A2F0 /* texture.cpp */,
				F66FC40322C86C4E0086A2F0 /* texture.hpp */,
				F66FC40522C86C7B0086A2F0 /* light.cpp */,
				F66FC40622C86C7B0086A2F0 /* light.hpp */,
				F66FC40822C87E850086A2F0 /* paladin.cpp */,
				F66FC40922C87E850086A2F0 /* paladin.hpp */,
				F66FC40C22C87FA50086A2F0 /* scene.cpp */,
				F66FC40D22C87FA50086A2F0 /* scene.hpp */,
				F66FC40F22C886640086A2F0 /* spectrum.cpp */,
				F66FC41022C886640086A2F0 /* spectrum.hpp */,
				F66FC41222C890FD0086A2F0 /* camera.cpp */,
				F66FC41322C890FD0086A2F0 /* camera.hpp */,
				F66FC41522C891140086A2F0 /* sampler.cpp */,
				F66FC41622C891140086A2F0 /* sampler.hpp */,
				F66FC42A22C893850086A2F0 /* bxdf.cpp */,
				F66FC42B22C893850086A2F0 /* bxdf.hpp */,
				F66FC42D22C8C5BD0086A2F0 /* sampling.cpp */,
				F66FC42E22C8C5BD0086A2F0 /* sampling.hpp */,
				F66FC43C22C91BEC0086A2F0 /* header.h */,
				F628C2CA22D6456700D981F5 /* interaction.cpp */,
				F628C2CB22D6456700D981F5 /* interaction.hpp */,
				F64AD4B022DE2B9800F8EDC3 /* medium.cpp */,
				F64AD4B122DE2B9800F8EDC3 /* medium.hpp */,
			);
			path = core;
			sourceTree = "<group>";
		};
		F66FC3CB22C860370086A2F0 /* filters */ = {
			isa = PBXGroup;
			children = (
				F66FC3CC22C860750086A2F0 /* sinc.cpp */,
				F66FC3CD22C860750086A2F0 /* sinc.hpp */,
				F66FC43322C8C7960086A2F0 /* box.cpp */,
				F66FC43422C8C7960086A2F0 /* box.hpp */,
			);
			path = filters;
			sourceTree = "<group>";
		};
		F66FC3CF22C860800086A2F0 /* lights */ = {
			isa = PBXGroup;
			children = (
				F66FC3D322C860F50086A2F0 /* pointlight.cpp */,
				F66FC3D422C860F50086A2F0 /* pointlight.hpp */,
			);
			path = lights;
			sourceTree = "<group>";
		};
		F66FC3D622C861000086A2F0 /* materials */ = {
			isa = PBXGroup;
			children = (
				F66FC3D722C861700086A2F0 /* matte.cpp */,
				F66FC3D822C861700086A2F0 /* matte.hpp */,
			);
			path = materials;
			sourceTree = "<group>";
		};
		F66FC3DA22C861850086A2F0 /* integrators */ = {
			isa = PBXGroup;
			children = (
				F66FC3DB22C861AF0086A2F0 /* path.cpp */,
				F66FC3DC22C861AF0086A2F0 /* path.hpp */,
			);
			path = integrators;
			sourceTree = "<group>";
		};
		F66FC3DE22C861F30086A2F0 /* shapes */ = {
			isa = PBXGroup;
			children = (
				F66FC3DF22C862230086A2F0 /* triangle.cpp */,
				F66FC3E022C862230086A2F0 /* triangle.hpp */,
				F66FC41822C891700086A2F0 /* sphere.cpp */,
				F66FC41922C891700086A2F0 /* sphere.hpp */,
				F66FC41B22C891970086A2F0 /* cylinder.cpp */,
				F66FC41C22C891970086A2F0 /* cylinder.hpp */,
				F66FC41E22C891A10086A2F0 /* cone.cpp */,
				F66FC41F22C891A10086A2F0 /* cone.hpp */,
				F66FC42122C891BE0086A2F0 /* disk.cpp */,
				F66FC42222C891BE0086A2F0 /* disk.hpp */,
				F682E05122EFBBA0000814A8 /* cube.cpp */,
				F682E05222EFBBA0000814A8 /* cube.hpp */,
				F64FD2DB22F1F2AE00D97D20 /* curve.cpp */,
				F64FD2DC22F1F2AE00D97D20 /* curve.hpp */,
			);
			path = shapes;
			sourceTree = "<group>";
		};
		F66FC3E222C862560086A2F0 /* samplers */ = {
			isa = PBXGroup;
			children = (
				F66FC3E422C8628F0086A2F0 /* random.cpp */,
				F66FC3E522C8628F0086A2F0 /* random.hpp */,
			);
			path = samplers;
			sourceTree = "<group>";
		};
		F66FC3E322C862600086A2F0 /* cameras */ = {
			isa = PBXGroup;
			children = (
				F66FC3E722C862DF0086A2F0 /* perspective.cpp */,
				F66FC3E822C862DF0086A2F0 /* perspective.hpp */,
			);
			path = cameras;
			sourceTree = "<group>";
		};
		F66FC3EA22C862ED0086A2F0 /* accelerators */ = {
			isa = PBXGroup;
			children = (
				F66FC3EB22C863550086A2F0 /* bvh.cpp */,
				F66FC3EC22C863550086A2F0 /* bvh.hpp */,
				F66FC42422C892D30086A2F0 /* kdtree.cpp */,
				F66FC42522C892D30086A2F0 /* kdtree.hpp */,
			);
			path = accelerators;
			sourceTree = "<group>";
		};
		F66FC3EE22C863840086A2F0 /* textures */ = {
			isa = PBXGroup;
			children = (
				F66FC3EF22C863A40086A2F0 /* constant.cpp */,
				F66FC3F022C863A40086A2F0 /* constant.hpp */,
			);
			path = textures;
			sourceTree = "<group>";
		};
		F66FC3F222C863DF0086A2F0 /* ext */ = {
			isa = PBXGroup;
			children = (
			);
			path = ext;
			sourceTree = "<group>";
		};
		F66FC3F622C8660E0086A2F0 /* math */ = {
			isa = PBXGroup;
			children = (
				F66FC3F722C8662C0086A2F0 /* transform.cpp */,
				F66FC3F822C8662C0086A2F0 /* transform.hpp */,
				F66FC42722C892E80086A2F0 /* quaternion.cpp */,
				F66FC42822C892E80086A2F0 /* quaternion.hpp */,
				F66FC43622C8C7E70086A2F0 /* point.h */,
				F66FC43A22C910490086A2F0 /* bounds.h */,
				F66FC43B22C9106E0086A2F0 /* vector.h */,
				F66FC43E22CD031F0086A2F0 /* mathutil.h */,
				F666921322D0D38500B50538 /* ray.h */,
				F65A537822D987EB009CE4DB /* animatedtransform.cpp */,
				F65A537922D987EB009CE4DB /* animatedtransform.hpp */,
				F64F6BAB22E9FE6200FEC609 /* lowdiscrepancy.cpp */,
				F64F6BAC22E9FE6200FEC609 /* lowdiscrepancy.hpp */,
				F64F6BAE22E9FFF500FEC609 /* rng.h */,
			);
			path = math;
			sourceTree = "<group>";
		};
		F66FC3FA22C867C20086A2F0 /* tools */ = {
			isa = PBXGroup;
			children = (
				F66FC43022C8C5E10086A2F0 /* fileio.cpp */,
				F66FC43122C8C5E10086A2F0 /* fileio.hpp */,
				F66FC43922C8FBCA0086A2F0 /* macro.h */,
				F66FC43D22CA583B0086A2F0 /* stringprint.hpp */,
				F64AD4B322DE310E00F8EDC3 /* memory.cpp */,
				F64AD4B422DE310E00F8EDC3 /* memory.hpp */,
				F64C73F022E436F300731491 /* errfloat.h */,
			);
			path = tools;
			sourceTree = "<group>";
		};
		F66FC3FB22C86BCA0086A2F0 /* parallel */ = {
			isa = PBXGroup;
			children = (
			);
			path = parallel;
			sourceTree = "<group>";
		};
/* End PBXGroup section */

/* Begin PBXNativeTarget section */
		F66FC3BB22C858040086A2F0 /* Paladin */ = {
			isa = PBXNativeTarget;
			buildConfigurationList = F66FC3C322C858040086A2F0 /* Build configuration list for PBXNativeTarget "Paladin" */;
			buildPhases = (
				F66FC3B822C858040086A2F0 /* Sources */,
				F66FC3B922C858040086A2F0 /* Frameworks */,
				F66FC3BA22C858040086A2F0 /* CopyFiles */,
			);
			buildRules = (
			);
			dependencies = (
			);
			name = Paladin;
			productName = Paladin;
			productReference = F66FC3BC22C858040086A2F0 /* Paladin */;
			productType = "com.apple.product-type.tool";
		};
/* End PBXNativeTarget section */

/* Begin PBXProject section */
		F66FC3B422C858040086A2F0 /* Project object */ = {
			isa = PBXProject;
			attributes = {
				LastUpgradeCheck = 0920;
				ORGANIZATIONNAME = Zero;
				TargetAttributes = {
					F66FC3BB22C858040086A2F0 = {
						CreatedOnToolsVersion = 9.2;
						ProvisioningStyle = Automatic;
					};
				};
			};
			buildConfigurationList = F66FC3B722C858040086A2F0 /* Build configuration list for PBXProject "Paladin" */;
			compatibilityVersion = "Xcode 8.0";
			developmentRegion = en;
			hasScannedForEncodings = 0;
			knownRegions = (
				en,
			);
			mainGroup = F66FC3B322C858040086A2F0;
			productRefGroup = F66FC3BD22C858040086A2F0 /* Products */;
			projectDirPath = "";
			projectRoot = "";
			targets = (
				F66FC3BB22C858040086A2F0 /* Paladin */,
			);
		};
/* End PBXProject section */

/* Begin PBXSourcesBuildPhase section */
		F66FC3B822C858040086A2F0 /* Sources */ = {
			isa = PBXSourcesBuildPhase;
			buildActionMask = 2147483647;
			files = (
				F64FD2DD22F1F2AE00D97D20 /* curve.cpp in Sources */,
				F66FC3D922C861700086A2F0 /* matte.cpp in Sources */,
				F66FC43522C8C7960086A2F0 /* box.cpp in Sources */,
				F66FC3D522C860F50086A2F0 /* pointlight.cpp in Sources */,
				F66FC3E122C862230086A2F0 /* triangle.cpp in Sources */,
				F66FC3DD22C861AF0086A2F0 /* path.cpp in Sources */,
				F66FC41122C886640086A2F0 /* spectrum.cpp in Sources */,
				F66FC3E622C8628F0086A2F0 /* random.cpp in Sources */,
				F66FC40A22C87E850086A2F0 /* paladin.cpp in Sources */,
				F64F6BAD22E9FE6200FEC609 /* lowdiscrepancy.cpp in Sources */,
				F66FC41422C890FD0086A2F0 /* camera.cpp in Sources */,
				F66FC40E22C87FA50086A2F0 /* scene.cpp in Sources */,
				F66FC3FE22C86C1D0086A2F0 /* shape.cpp in Sources */,
				F66FC3CA22C8601C0086A2F0 /* integrator.cpp in Sources */,
				F66FC3C022C858040086A2F0 /* main.cpp in Sources */,
				F66FC42922C892E80086A2F0 /* quaternion.cpp in Sources */,
				F66FC43222C8C5E10086A2F0 /* fileio.cpp in Sources */,
				F66FC42022C891A10086A2F0 /* cone.cpp in Sources */,
				F66FC40122C86C350086A2F0 /* material.cpp in Sources */,
				F66FC42622C892D30086A2F0 /* kdtree.cpp in Sources */,
				F66FC3CE22C860750086A2F0 /* sinc.cpp in Sources */,
				F66FC42322C891BE0086A2F0 /* disk.cpp in Sources */,
				F66FC41D22C891970086A2F0 /* cylinder.cpp in Sources */,
				F66FC42C22C893850086A2F0 /* bxdf.cpp in Sources */,
				F66FC3ED22C863550086A2F0 /* bvh.cpp in Sources */,
				F66FC41A22C891700086A2F0 /* sphere.cpp in Sources */,
				F65A537A22D987EB009CE4DB /* animatedtransform.cpp in Sources */,
				F66FC41722C891140086A2F0 /* sampler.cpp in Sources */,
				F628C2CC22D6456700D981F5 /* interaction.cpp in Sources */,
				F66FC3F122C863A40086A2F0 /* constant.cpp in Sources */,
				F66FC40722C86C7B0086A2F0 /* light.cpp in Sources */,
				F66FC42F22C8C5BD0086A2F0 /* sampling.cpp in Sources */,
				F682E05322EFBBA0000814A8 /* cube.cpp in Sources */,
				F64AD4B222DE2B9800F8EDC3 /* medium.cpp in Sources */,
				F64AD4B522DE310E00F8EDC3 /* memory.cpp in Sources */,
				F66FC40422C86C4E0086A2F0 /* texture.cpp in Sources */,
				F66FC3E922C862DF0086A2F0 /* perspective.cpp in Sources */,
				F66FC3F922C8662C0086A2F0 /* transform.cpp in Sources */,
			);
			runOnlyForDeploymentPostprocessing = 0;
		};
/* End PBXSourcesBuildPhase section */

/* Begin XCBuildConfiguration section */
		F66FC3C122C858040086A2F0 /* Debug */ = {
			isa = XCBuildConfiguration;
			buildSettings = {
				ALWAYS_SEARCH_USER_PATHS = NO;
				CLANG_ANALYZER_NONNULL = YES;
				CLANG_ANALYZER_NUMBER_OBJECT_CONVERSION = YES_AGGRESSIVE;
				CLANG_CXX_LANGUAGE_STANDARD = "gnu++14";
				CLANG_CXX_LIBRARY = "libc++";
				CLANG_ENABLE_MODULES = YES;
				CLANG_ENABLE_OBJC_ARC = YES;
				CLANG_WARN_BLOCK_CAPTURE_AUTORELEASING = YES;
				CLANG_WARN_BOOL_CONVERSION = YES;
				CLANG_WARN_COMMA = YES;
				CLANG_WARN_CONSTANT_CONVERSION = YES;
				CLANG_WARN_DIRECT_OBJC_ISA_USAGE = YES_ERROR;
				CLANG_WARN_DOCUMENTATION_COMMENTS = YES;
				CLANG_WARN_EMPTY_BODY = YES;
				CLANG_WARN_ENUM_CONVERSION = YES;
				CLANG_WARN_INFINITE_RECURSION = YES;
				CLANG_WARN_INT_CONVERSION = YES;
				CLANG_WARN_NON_LITERAL_NULL_CONVERSION = YES;
				CLANG_WARN_OBJC_LITERAL_CONVERSION = YES;
				CLANG_WARN_OBJC_ROOT_CLASS = YES_ERROR;
				CLANG_WARN_RANGE_LOOP_ANALYSIS = YES;
				CLANG_WARN_STRICT_PROTOTYPES = YES;
				CLANG_WARN_SUSPICIOUS_MOVE = YES;
				CLANG_WARN_UNGUARDED_AVAILABILITY = YES_AGGRESSIVE;
				CLANG_WARN_UNREACHABLE_CODE = YES;
				CLANG_WARN__DUPLICATE_METHOD_MATCH = YES;
				CODE_SIGN_IDENTITY = "-";
				COPY_PHASE_STRIP = NO;
				DEBUG_INFORMATION_FORMAT = dwarf;
				ENABLE_STRICT_OBJC_MSGSEND = YES;
				ENABLE_TESTABILITY = YES;
				GCC_C_LANGUAGE_STANDARD = gnu11;
				GCC_DYNAMIC_NO_PIC = NO;
				GCC_NO_COMMON_BLOCKS = YES;
				GCC_OPTIMIZATION_LEVEL = 0;
				GCC_PREPROCESSOR_DEFINITIONS = (
					"DEBUG=1",
					"$(inherited)",
				);
				GCC_WARN_64_TO_32_BIT_CONVERSION = YES;
				GCC_WARN_ABOUT_RETURN_TYPE = YES_ERROR;
				GCC_WARN_UNDECLARED_SELECTOR = YES;
				GCC_WARN_UNINITIALIZED_AUTOS = YES_AGGRESSIVE;
				GCC_WARN_UNUSED_FUNCTION = YES;
				GCC_WARN_UNUSED_VARIABLE = YES;
				MACOSX_DEPLOYMENT_TARGET = 10.14;
				MTL_ENABLE_DEBUG_INFO = YES;
				ONLY_ACTIVE_ARCH = YES;
				SDKROOT = macosx;
			};
			name = Debug;
		};
		F66FC3C222C858040086A2F0 /* Release */ = {
			isa = XCBuildConfiguration;
			buildSettings = {
				ALWAYS_SEARCH_USER_PATHS = NO;
				CLANG_ANALYZER_NONNULL = YES;
				CLANG_ANALYZER_NUMBER_OBJECT_CONVERSION = YES_AGGRESSIVE;
				CLANG_CXX_LANGUAGE_STANDARD = "gnu++14";
				CLANG_CXX_LIBRARY = "libc++";
				CLANG_ENABLE_MODULES = YES;
				CLANG_ENABLE_OBJC_ARC = YES;
				CLANG_WARN_BLOCK_CAPTURE_AUTORELEASING = YES;
				CLANG_WARN_BOOL_CONVERSION = YES;
				CLANG_WARN_COMMA = YES;
				CLANG_WARN_CONSTANT_CONVERSION = YES;
				CLANG_WARN_DIRECT_OBJC_ISA_USAGE = YES_ERROR;
				CLANG_WARN_DOCUMENTATION_COMMENTS = YES;
				CLANG_WARN_EMPTY_BODY = YES;
				CLANG_WARN_ENUM_CONVERSION = YES;
				CLANG_WARN_INFINITE_RECURSION = YES;
				CLANG_WARN_INT_CONVERSION = YES;
				CLANG_WARN_NON_LITERAL_NULL_CONVERSION = YES;
				CLANG_WARN_OBJC_LITERAL_CONVERSION = YES;
				CLANG_WARN_OBJC_ROOT_CLASS = YES_ERROR;
				CLANG_WARN_RANGE_LOOP_ANALYSIS = YES;
				CLANG_WARN_STRICT_PROTOTYPES = YES;
				CLANG_WARN_SUSPICIOUS_MOVE = YES;
				CLANG_WARN_UNGUARDED_AVAILABILITY = YES_AGGRESSIVE;
				CLANG_WARN_UNREACHABLE_CODE = YES;
				CLANG_WARN__DUPLICATE_METHOD_MATCH = YES;
				CODE_SIGN_IDENTITY = "-";
				COPY_PHASE_STRIP = NO;
				DEBUG_INFORMATION_FORMAT = "dwarf-with-dsym";
				ENABLE_NS_ASSERTIONS = NO;
				ENABLE_STRICT_OBJC_MSGSEND = YES;
				GCC_C_LANGUAGE_STANDARD = gnu11;
				GCC_NO_COMMON_BLOCKS = YES;
				GCC_WARN_64_TO_32_BIT_CONVERSION = YES;
				GCC_WARN_ABOUT_RETURN_TYPE = YES_ERROR;
				GCC_WARN_UNDECLARED_SELECTOR = YES;
				GCC_WARN_UNINITIALIZED_AUTOS = YES_AGGRESSIVE;
				GCC_WARN_UNUSED_FUNCTION = YES;
				GCC_WARN_UNUSED_VARIABLE = YES;
				MACOSX_DEPLOYMENT_TARGET = 10.14;
				MTL_ENABLE_DEBUG_INFO = NO;
				SDKROOT = macosx;
			};
			name = Release;
		};
		F66FC3C422C858040086A2F0 /* Debug */ = {
			isa = XCBuildConfiguration;
			buildSettings = {
				CODE_SIGN_STYLE = Automatic;
				PRODUCT_NAME = "$(TARGET_NAME)";
			};
			name = Debug;
		};
		F66FC3C522C858040086A2F0 /* Release */ = {
			isa = XCBuildConfiguration;
			buildSettings = {
				CODE_SIGN_STYLE = Automatic;
				PRODUCT_NAME = "$(TARGET_NAME)";
			};
			name = Release;
		};
/* End XCBuildConfiguration section */

/* Begin XCConfigurationList section */
		F66FC3B722C858040086A2F0 /* Build configuration list for PBXProject "Paladin" */ = {
			isa = XCConfigurationList;
			buildConfigurations = (
				F66FC3C122C858040086A2F0 /* Debug */,
				F66FC3C222C858040086A2F0 /* Release */,
			);
			defaultConfigurationIsVisible = 0;
			defaultConfigurationName = Release;
		};
		F66FC3C322C858040086A2F0 /* Build configuration list for PBXNativeTarget "Paladin" */ = {
			isa = XCConfigurationList;
			buildConfigurations = (
				F66FC3C422C858040086A2F0 /* Debug */,
				F66FC3C522C858040086A2F0 /* Release */,
			);
			defaultConfigurationIsVisible = 0;
			defaultConfigurationName = Release;
		};
/* End XCConfigurationList section */
	};
	rootObject = F66FC3B422C858040086A2F0 /* Project object */;
}
